
Microsoft Visual Studio Solution File, Format Version 12.00
Project("{2150E333-8FDC-42A3-9474-1A3956D46DE8}") = "src", "src", "{8F097853-6D72-4410-9B26-39C665995797}"
	ProjectSection(SolutionItems) = preProject
		src\.gitkeep = src\.gitkeep
	EndProjectSection
EndProject
Project("{2150E333-8FDC-42A3-9474-1A3956D46DE8}") = "test", "test", "{BFB59C8C-F782-41FB-BC75-D657784E5B91}"
	ProjectSection(SolutionItems) = preProject
		test\.gitkeep = test\.gitkeep
	EndProjectSection
EndProject
Project("{2150E333-8FDC-42A3-9474-1A3956D46DE8}") = "research", "research", "{D6DA3660-2C1F-43DD-AC51-D53522B6A36A}"
EndProject
Project("{FAE04EC0-301F-11D3-BF4B-00C04F79EFBC}") = "CoverGo.Graph", "research\CoverGo.Graph\CoverGo.Graph.csproj", "{78B37597-1E38-43A7-8207-4766146E4467}"
EndProject
Global
	GlobalSection(SolutionConfigurationPlatforms) = preSolution
		Debug|Any CPU = Debug|Any CPU
		Release|Any CPU = Release|Any CPU
	EndGlobalSection
	GlobalSection(ProjectConfigurationPlatforms) = postSolution
		{78B37597-1E38-43A7-8207-4766146E4467}.Debug|Any CPU.ActiveCfg = Debug|Any CPU
		{78B37597-1E38-43A7-8207-4766146E4467}.Debug|Any CPU.Build.0 = Debug|Any CPU
		{78B37597-1E38-43A7-8207-4766146E4467}.Release|Any CPU.ActiveCfg = Release|Any CPU
		{78B37597-1E38-43A7-8207-4766146E4467}.Release|Any CPU.Build.0 = Release|Any CPU
	EndGlobalSection
	GlobalSection(NestedProjects) = preSolution
		{78B37597-1E38-43A7-8207-4766146E4467} = {D6DA3660-2C1F-43DD-AC51-D53522B6A36A}
	EndGlobalSection
EndGlobal
